// !$*UTF8*$!
{
	archiveVersion = 1;
	classes = {
	};
	objectVersion = 46;
	objects = {

/* Begin PBXBuildFile section */
		1DD8D18C6E8C09B088AE1560 /* libPods-prRSS.a in Frameworks */ = {isa = PBXBuildFile; fileRef = 1F7957762A58D16F44A5BBF8 /* libPods-prRSS.a */; };
		492EFE4B1EF5A2B500C78291 /* main.m in Sources */ = {isa = PBXBuildFile; fileRef = 492EFE4A1EF5A2B500C78291 /* main.m */; };
		492EFE4E1EF5A2B500C78291 /* AppDelegate.m in Sources */ = {isa = PBXBuildFile; fileRef = 492EFE4D1EF5A2B500C78291 /* AppDelegate.m */; };
		492EFE541EF5A2B500C78291 /* Main.storyboard in Resources */ = {isa = PBXBuildFile; fileRef = 492EFE521EF5A2B500C78291 /* Main.storyboard */; };
		492EFE561EF5A2B500C78291 /* Assets.xcassets in Resources */ = {isa = PBXBuildFile; fileRef = 492EFE551EF5A2B500C78291 /* Assets.xcassets */; };
		492EFE591EF5A2B500C78291 /* LaunchScreen.storyboard in Resources */ = {isa = PBXBuildFile; fileRef = 492EFE571EF5A2B500C78291 /* LaunchScreen.storyboard */; };
		492EFE671EF5AEE100C78291 /* ListViewController.m in Sources */ = {isa = PBXBuildFile; fileRef = 492EFE661EF5AEE100C78291 /* ListViewController.m */; };
		492EFE6A1EF5AFE400C78291 /* DetailViewController.m in Sources */ = {isa = PBXBuildFile; fileRef = 492EFE691EF5AFE400C78291 /* DetailViewController.m */; };
		498044591EF5CA2C006A076B /* MovieTableViewCell.m in Sources */ = {isa = PBXBuildFile; fileRef = 498044571EF5CA2C006A076B /* MovieTableViewCell.m */; };
		4980445A1EF5CA2C006A076B /* MovieTableViewCell.xib in Resources */ = {isa = PBXBuildFile; fileRef = 498044581EF5CA2C006A076B /* MovieTableViewCell.xib */; };
		4980445D1EF5CBAD006A076B /* RESTconnector.m in Sources */ = {isa = PBXBuildFile; fileRef = 4980445C1EF5CBAD006A076B /* RESTconnector.m */; };
		498044601EF5DCEB006A076B /* AppManager.m in Sources */ = {isa = PBXBuildFile; fileRef = 4980445F1EF5DCEB006A076B /* AppManager.m */; };
/* End PBXBuildFile section */

/* Begin PBXFileReference section */
		1F7957762A58D16F44A5BBF8 /* libPods-prRSS.a */ = {isa = PBXFileReference; explicitFileType = archive.ar; includeInIndex = 0; path = "libPods-prRSS.a"; sourceTree = BUILT_PRODUCTS_DIR; };
		492EFE461EF5A2B500C78291 /* prRSS.app */ = {isa = PBXFileReference; explicitFileType = wrapper.application; includeInIndex = 0; path = prRSS.app; sourceTree = BUILT_PRODUCTS_DIR; };
		492EFE4A1EF5A2B500C78291 /* main.m */ = {isa = PBXFileReference; lastKnownFileType = sourcecode.c.objc; path = main.m; sourceTree = "<group>"; };
		492EFE4C1EF5A2B500C78291 /* AppDelegate.h */ = {isa = PBXFileReference; lastKnownFileType = sourcecode.c.h; path = AppDelegate.h; sourceTree = "<group>"; };
		492EFE4D1EF5A2B500C78291 /* AppDelegate.m */ = {isa = PBXFileReference; lastKnownFileType = sourcecode.c.objc; path = AppDelegate.m; sourceTree = "<group>"; };
		492EFE531EF5A2B500C78291 /* Base */ = {isa = PBXFileReference; lastKnownFileType = file.storyboard; name = Base; path = Base.lproj/Main.storyboard; sourceTree = "<group>"; };
		492EFE551EF5A2B500C78291 /* Assets.xcassets */ = {isa = PBXFileReference; lastKnownFileType = folder.assetcatalog; path = Assets.xcassets; sourceTree = "<group>"; };
		492EFE581EF5A2B500C78291 /* Base */ = {isa = PBXFileReference; lastKnownFileType = file.storyboard; name = Base; path = Base.lproj/LaunchScreen.storyboard; sourceTree = "<group>"; };
		492EFE5A1EF5A2B500C78291 /* Info.plist */ = {isa = PBXFileReference; lastKnownFileType = text.plist.xml; path = Info.plist; sourceTree = "<group>"; };
		492EFE651EF5AEE100C78291 /* ListViewController.h */ = {isa = PBXFileReference; fileEncoding = 4; lastKnownFileType = sourcecode.c.h; path = ListViewController.h; sourceTree = "<group>"; };
		492EFE661EF5AEE100C78291 /* ListViewController.m */ = {isa = PBXFileReference; fileEncoding = 4; lastKnownFileType = sourcecode.c.objc; path = ListViewController.m; sourceTree = "<group>"; };
		492EFE681EF5AFE400C78291 /* DetailViewController.h */ = {isa = PBXFileReference; fileEncoding = 4; lastKnownFileType = sourcecode.c.h; path = DetailViewController.h; sourceTree = "<group>"; };
		492EFE691EF5AFE400C78291 /* DetailViewController.m */ = {isa = PBXFileReference; fileEncoding = 4; lastKnownFileType = sourcecode.c.objc; path = DetailViewController.m; sourceTree = "<group>"; };
		498044561EF5CA2C006A076B /* MovieTableViewCell.h */ = {isa = PBXFileReference; fileEncoding = 4; lastKnownFileType = sourcecode.c.h; name = MovieTableViewCell.h; path = Views/MovieTableViewCell.h; sourceTree = "<group>"; };
		498044571EF5CA2C006A076B /* MovieTableViewCell.m */ = {isa = PBXFileReference; fileEncoding = 4; lastKnownFileType = sourcecode.c.objc; name = MovieTableViewCell.m; path = Views/MovieTableViewCell.m; sourceTree = "<group>"; };
		498044581EF5CA2C006A076B /* MovieTableViewCell.xib */ = {isa = PBXFileReference; fileEncoding = 4; lastKnownFileType = file.xib; name = MovieTableViewCell.xib; path = Views/MovieTableViewCell.xib; sourceTree = "<group>"; };
		4980445B1EF5CBAD006A076B /* RESTconnector.h */ = {isa = PBXFileReference; fileEncoding = 4; lastKnownFileType = sourcecode.c.h; path = RESTconnector.h; sourceTree = "<group>"; };
		4980445C1EF5CBAD006A076B /* RESTconnector.m */ = {isa = PBXFileReference; fileEncoding = 4; lastKnownFileType = sourcecode.c.objc; path = RESTconnector.m; sourceTree = "<group>"; };
		4980445E1EF5DCEB006A076B /* AppManager.h */ = {isa = PBXFileReference; fileEncoding = 4; lastKnownFileType = sourcecode.c.h; path = AppManager.h; sourceTree = "<group>"; };
		4980445F1EF5DCEB006A076B /* AppManager.m */ = {isa = PBXFileReference; fileEncoding = 4; lastKnownFileType = sourcecode.c.objc; path = AppManager.m; sourceTree = "<group>"; };
		ACF6C716D5ADAD63008FD100 /* Pods-prRSS.release.xcconfig */ = {isa = PBXFileReference; includeInIndex = 1; lastKnownFileType = text.xcconfig; name = "Pods-prRSS.release.xcconfig"; path = "Pods/Target Support Files/Pods-prRSS/Pods-prRSS.release.xcconfig"; sourceTree = "<group>"; };
		CF700429D225643607553A18 /* Pods-prRSS.debug.xcconfig */ = {isa = PBXFileReference; includeInIndex = 1; lastKnownFileType = text.xcconfig; name = "Pods-prRSS.debug.xcconfig"; path = "Pods/Target Support Files/Pods-prRSS/Pods-prRSS.debug.xcconfig"; sourceTree = "<group>"; };
/* End PBXFileReference section */

/* Begin PBXFrameworksBuildPhase section */
		492EFE431EF5A2B500C78291 /* Frameworks */ = {
			isa = PBXFrameworksBuildPhase;
			buildActionMask = 2147483647;
			files = (
				1DD8D18C6E8C09B088AE1560 /* libPods-prRSS.a in Frameworks */,
			);
			runOnlyForDeploymentPostprocessing = 0;
		};
/* End PBXFrameworksBuildPhase section */

/* Begin PBXGroup section */
		2EC79F47A727B3F9A6E5F262 /* Pods */ = {
			isa = PBXGroup;
			children = (
				CF700429D225643607553A18 /* Pods-prRSS.debug.xcconfig */,
				ACF6C716D5ADAD63008FD100 /* Pods-prRSS.release.xcconfig */,
			);
			name = Pods;
			sourceTree = "<group>";
		};
		3E5B1C280173F4C76F0D3184 /* Frameworks */ = {
			isa = PBXGroup;
			children = (
				1F7957762A58D16F44A5BBF8 /* libPods-prRSS.a */,
			);
			name = Frameworks;
			sourceTree = "<group>";
		};
		492EFE3D1EF5A2B500C78291 = {
			isa = PBXGroup;
			children = (
				492EFE481EF5A2B500C78291 /* prRSS */,
				492EFE471EF5A2B500C78291 /* Products */,
				2EC79F47A727B3F9A6E5F262 /* Pods */,
				3E5B1C280173F4C76F0D3184 /* Frameworks */,
			);
			sourceTree = "<group>";
		};
		492EFE471EF5A2B500C78291 /* Products */ = {
			isa = PBXGroup;
			children = (
				492EFE461EF5A2B500C78291 /* prRSS.app */,
			);
			name = Products;
			sourceTree = "<group>";
		};
		492EFE481EF5A2B500C78291 /* prRSS */ = {
			isa = PBXGroup;
			children = (
				492EFE4C1EF5A2B500C78291 /* AppDelegate.h */,
				492EFE4D1EF5A2B500C78291 /* AppDelegate.m */,
				492EFE621EF5ADFD00C78291 /* Services */,
				492EFE601EF5ADFD00C78291 /* Logic */,
				492EFE611EF5ADFD00C78291 /* Model */,
				492EFE631EF5ADFD00C78291 /* ViewControllers */,
				492EFE641EF5AE0B00C78291 /* Views */,
				492EFE551EF5A2B500C78291 /* Assets.xcassets */,
				492EFE5A1EF5A2B500C78291 /* Info.plist */,
				492EFE491EF5A2B500C78291 /* Supporting Files */,
			);
			path = prRSS;
			sourceTree = "<group>";
		};
		492EFE491EF5A2B500C78291 /* Supporting Files */ = {
			isa = PBXGroup;
			children = (
				492EFE4A1EF5A2B500C78291 /* main.m */,
			);
			name = "Supporting Files";
			sourceTree = "<group>";
		};
		492EFE601EF5ADFD00C78291 /* Logic */ = {
			isa = PBXGroup;
			children = (
				4980445E1EF5DCEB006A076B /* AppManager.h */,
				4980445F1EF5DCEB006A076B /* AppManager.m */,
			);
			path = Logic;
			sourceTree = "<group>";
		};
		492EFE611EF5ADFD00C78291 /* Model */ = {
			isa = PBXGroup;
			children = (
			);
			path = Model;
			sourceTree = "<group>";
		};
		492EFE621EF5ADFD00C78291 /* Services */ = {
			isa = PBXGroup;
			children = (
				4980445B1EF5CBAD006A076B /* RESTconnector.h */,
				4980445C1EF5CBAD006A076B /* RESTconnector.m */,
			);
			path = Services;
			sourceTree = "<group>";
		};
		492EFE631EF5ADFD00C78291 /* ViewControllers */ = {
			isa = PBXGroup;
			children = (
				492EFE651EF5AEE100C78291 /* ListViewController.h */,
				492EFE661EF5AEE100C78291 /* ListViewController.m */,
				492EFE681EF5AFE400C78291 /* DetailViewController.h */,
				492EFE691EF5AFE400C78291 /* DetailViewController.m */,
			);
			path = ViewControllers;
			sourceTree = "<group>";
		};
		492EFE641EF5AE0B00C78291 /* Views */ = {
			isa = PBXGroup;
			children = (
				492EFE521EF5A2B500C78291 /* Main.storyboard */,
				498044561EF5CA2C006A076B /* MovieTableViewCell.h */,
				498044571EF5CA2C006A076B /* MovieTableViewCell.m */,
				498044581EF5CA2C006A076B /* MovieTableViewCell.xib */,
				492EFE571EF5A2B500C78291 /* LaunchScreen.storyboard */,
			);
			name = Views;
			sourceTree = "<group>";
		};
/* End PBXGroup section */

/* Begin PBXNativeTarget section */
		492EFE451EF5A2B500C78291 /* prRSS */ = {
			isa = PBXNativeTarget;
			buildConfigurationList = 492EFE5D1EF5A2B500C78291 /* Build configuration list for PBXNativeTarget "prRSS" */;
			buildPhases = (
				8D325F9D3A84BD1A730A1D42 /* [CP] Check Pods Manifest.lock */,
				492EFE421EF5A2B500C78291 /* Sources */,
				492EFE431EF5A2B500C78291 /* Frameworks */,
				492EFE441EF5A2B500C78291 /* Resources */,
				29966AF991D25CD0B6870DDF /* [CP] Embed Pods Frameworks */,
				63C150CC91767BECEEA790EF /* [CP] Copy Pods Resources */,
			);
			buildRules = (
			);
			dependencies = (
			);
			name = prRSS;
			productName = prRSS;
			productReference = 492EFE461EF5A2B500C78291 /* prRSS.app */;
			productType = "com.apple.product-type.application";
		};
/* End PBXNativeTarget section */

/* Begin PBXProject section */
		492EFE3E1EF5A2B500C78291 /* Project object */ = {
			isa = PBXProject;
			attributes = {
				LastUpgradeCheck = 0830;
				ORGANIZATIONNAME = "Miguel Gallego";
				TargetAttributes = {
					492EFE451EF5A2B500C78291 = {
						CreatedOnToolsVersion = 8.3.3;
						DevelopmentTeam = A9BV75HGP3;
						ProvisioningStyle = Automatic;
					};
				};
			};
			buildConfigurationList = 492EFE411EF5A2B500C78291 /* Build configuration list for PBXProject "prRSS" */;
			compatibilityVersion = "Xcode 3.2";
			developmentRegion = English;
			hasScannedForEncodings = 0;
			knownRegions = (
				en,
				Base,
			);
			mainGroup = 492EFE3D1EF5A2B500C78291;
			productRefGroup = 492EFE471EF5A2B500C78291 /* Products */;
			projectDirPath = "";
			projectRoot = "";
			targets = (
				492EFE451EF5A2B500C78291 /* prRSS */,
			);
		};
/* End PBXProject section */

/* Begin PBXResourcesBuildPhase section */
		492EFE441EF5A2B500C78291 /* Resources */ = {
			isa = PBXResourcesBuildPhase;
			buildActionMask = 2147483647;
			files = (
				492EFE591EF5A2B500C78291 /* LaunchScreen.storyboard in Resources */,
				492EFE561EF5A2B500C78291 /* Assets.xcassets in Resources */,
				4980445A1EF5CA2C006A076B /* MovieTableViewCell.xib in Resources */,
				492EFE541EF5A2B500C78291 /* Main.storyboard in Resources */,
			);
			runOnlyForDeploymentPostprocessing = 0;
		};
/* End PBXResourcesBuildPhase section */

/* Begin PBXShellScriptBuildPhase section */
		29966AF991D25CD0B6870DDF /* [CP] Embed Pods Frameworks */ = {
			isa = PBXShellScriptBuildPhase;
			buildActionMask = 2147483647;
			files = (
			);
			inputPaths = (
			);
			name = "[CP] Embed Pods Frameworks";
			outputPaths = (
			);
			runOnlyForDeploymentPostprocessing = 0;
			shellPath = /bin/sh;
			shellScript = "\"${SRCROOT}/Pods/Target Support Files/Pods-prRSS/Pods-prRSS-frameworks.sh\"\n";
			showEnvVarsInLog = 0;
		};
		63C150CC91767BECEEA790EF /* [CP] Copy Pods Resources */ = {
			isa = PBXShellScriptBuildPhase;
			buildActionMask = 2147483647;
			files = (
			);
			inputPaths = (
			);
			name = "[CP] Copy Pods Resources";
			outputPaths = (
			);
			runOnlyForDeploymentPostprocessing = 0;
			shellPath = /bin/sh;
			shellScript = "\"${SRCROOT}/Pods/Target Support Files/Pods-prRSS/Pods-prRSS-resources.sh\"\n";
			showEnvVarsInLog = 0;
		};
		8D325F9D3A84BD1A730A1D42 /* [CP] Check Pods Manifest.lock */ = {
			isa = PBXShellScriptBuildPhase;
			buildActionMask = 2147483647;
			files = (
			);
			inputPaths = (
			);
			name = "[CP] Check Pods Manifest.lock";
			outputPaths = (
			);
			runOnlyForDeploymentPostprocessing = 0;
			shellPath = /bin/sh;
			shellScript = "diff \"${PODS_PODFILE_DIR_PATH}/Podfile.lock\" \"${PODS_ROOT}/Manifest.lock\" > /dev/null\nif [ $? != 0 ] ; then\n    # print error to STDERR\n    echo \"error: The sandbox is not in sync with the Podfile.lock. Run 'pod install' or update your CocoaPods installation.\" >&2\n    exit 1\nfi\n";
			showEnvVarsInLog = 0;
		};
/* End PBXShellScriptBuildPhase section */

/* Begin PBXSourcesBuildPhase section */
		492EFE421EF5A2B500C78291 /* Sources */ = {
			isa = PBXSourcesBuildPhase;
			buildActionMask = 2147483647;
			files = (
				492EFE4E1EF5A2B500C78291 /* AppDelegate.m in Sources */,
				492EFE4B1EF5A2B500C78291 /* main.m in Sources */,
				492EFE671EF5AEE100C78291 /* ListViewController.m in Sources */,
				4980445D1EF5CBAD006A076B /* RESTconnector.m in Sources */,
				498044591EF5CA2C006A076B /* MovieTableViewCell.m in Sources */,
				498044601EF5DCEB006A076B /* AppManager.m in Sources */,
				492EFE6A1EF5AFE400C78291 /* DetailViewController.m in Sources */,
			);
			runOnlyForDeploymentPostprocessing = 0;
		};
/* End PBXSourcesBuildPhase section */

/* Begin PBXVariantGroup section */
		492EFE521EF5A2B500C78291 /* Main.storyboard */ = {
			isa = PBXVariantGroup;
			children = (
				492EFE531EF5A2B500C78291 /* Base */,
			);
			name = Main.storyboard;
			sourceTree = "<group>";
		};
		492EFE571EF5A2B500C78291 /* LaunchScreen.storyboard */ = {
			isa = PBXVariantGroup;
			children = (
				492EFE581EF5A2B500C78291 /* Base */,
			);
			name = LaunchScreen.storyboard;
			sourceTree = "<group>";
		};
/* End PBXVariantGroup section */

/* Begin XCBuildConfiguration section */
		492EFE5B1EF5A2B500C78291 /* Debug */ = {
			isa = XCBuildConfiguration;
			buildSettings = {
				ALWAYS_SEARCH_USER_PATHS = NO;
				CLANG_ANALYZER_NONNULL = YES;
				CLANG_ANALYZER_NUMBER_OBJECT_CONVERSION = YES_AGGRESSIVE;
				CLANG_CXX_LANGUAGE_STANDARD = "gnu++0x";
				CLANG_CXX_LIBRARY = "libc++";
				CLANG_ENABLE_MODULES = YES;
				CLANG_ENABLE_OBJC_ARC = YES;
				CLANG_WARN_BOOL_CONVERSION = YES;
				CLANG_WARN_CONSTANT_CONVERSION = YES;
				CLANG_WARN_DIRECT_OBJC_ISA_USAGE = YES_ERROR;
				CLANG_WARN_DOCUMENTATION_COMMENTS = YES;
				CLANG_WARN_EMPTY_BODY = YES;
				CLANG_WARN_ENUM_CONVERSION = YES;
				CLANG_WARN_INFINITE_RECURSION = YES;
				CLANG_WARN_INT_CONVERSION = YES;
				CLANG_WARN_OBJC_ROOT_CLASS = YES_ERROR;
				CLANG_WARN_SUSPICIOUS_MOVE = YES;
				CLANG_WARN_UNREACHABLE_CODE = YES;
				CLANG_WARN__DUPLICATE_METHOD_MATCH = YES;
				"CODE_SIGN_IDENTITY[sdk=iphoneos*]" = "iPhone Developer";
				COPY_PHASE_STRIP = NO;
				DEBUG_INFORMATION_FORMAT = dwarf;
				ENABLE_STRICT_OBJC_MSGSEND = YES;
				ENABLE_TESTABILITY = YES;
				GCC_C_LANGUAGE_STANDARD = gnu99;
				GCC_DYNAMIC_NO_PIC = NO;
				GCC_NO_COMMON_BLOCKS = YES;
				GCC_OPTIMIZATION_LEVEL = 0;
				GCC_PREPROCESSOR_DEFINITIONS = (
					"DEBUG=1",
					"$(inherited)",
				);
				GCC_WARN_64_TO_32_BIT_CONVERSION = YES;
				GCC_WARN_ABOUT_RETURN_TYPE = YES_ERROR;
				GCC_WARN_UNDECLARED_SELECTOR = YES;
				GCC_WARN_UNINITIALIZED_AUTOS = YES_AGGRESSIVE;
				GCC_WARN_UNUSED_FUNCTION = YES;
				GCC_WARN_UNUSED_VARIABLE = YES;
				IPHONEOS_DEPLOYMENT_TARGET = 10.3;
				MTL_ENABLE_DEBUG_INFO = YES;
				ONLY_ACTIVE_ARCH = YES;
				SDKROOT = iphoneos;
				TARGETED_DEVICE_FAMILY = "1,2";
			};
			name = Debug;
		};
		492EFE5C1EF5A2B500C78291 /* Release */ = {
			isa = XCBuildConfiguration;
			buildSettings = {
				ALWAYS_SEARCH_USER_PATHS = NO;
				CLANG_ANALYZER_NONNULL = YES;
				CLANG_ANALYZER_NUMBER_OBJECT_CONVERSION = YES_AGGRESSIVE;
				CLANG_CXX_LANGUAGE_STANDARD = "gnu++0x";
				CLANG_CXX_LIBRARY = "libc++";
				CLANG_ENABLE_MODULES = YES;
				CLANG_ENABLE_OBJC_ARC = YES;
				CLANG_WARN_BOOL_CONVERSION = YES;
				CLANG_WARN_CONSTANT_CONVERSION = YES;
				CLANG_WARN_DIRECT_OBJC_ISA_USAGE = YES_ERROR;
				CLANG_WARN_DOCUMENTATION_COMMENTS = YES;
				CLANG_WARN_EMPTY_BODY = YES;
				CLANG_WARN_ENUM_CONVERSION = YES;
				CLANG_WARN_INFINITE_RECURSION = YES;
				CLANG_WARN_INT_CONVERSION = YES;
				CLANG_WARN_OBJC_ROOT_CLASS = YES_ERROR;
				CLANG_WARN_SUSPICIOUS_MOVE = YES;
				CLANG_WARN_UNREACHABLE_CODE = YES;
				CLANG_WARN__DUPLICATE_METHOD_MATCH = YES;
				"CODE_SIGN_IDENTITY[sdk=iphoneos*]" = "iPhone Developer";
				COPY_PHASE_STRIP = NO;
				DEBUG_INFORMATION_FORMAT = "dwarf-with-dsym";
				ENABLE_NS_ASSERTIONS = NO;
				ENABLE_STRICT_OBJC_MSGSEND = YES;
				GCC_C_LANGUAGE_STANDARD = gnu99;
				GCC_NO_COMMON_BLOCKS = YES;
				GCC_WARN_64_TO_32_BIT_CONVERSION = YES;
				GCC_WARN_ABOUT_RETURN_TYPE = YES_ERROR;
				GCC_WARN_UNDECLARED_SELECTOR = YES;
				GCC_WARN_UNINITIALIZED_AUTOS = YES_AGGRESSIVE;
				GCC_WARN_UNUSED_FUNCTION = YES;
				GCC_WARN_UNUSED_VARIABLE = YES;
				IPHONEOS_DEPLOYMENT_TARGET = 10.3;
				MTL_ENABLE_DEBUG_INFO = NO;
				SDKROOT = iphoneos;
				TARGETED_DEVICE_FAMILY = "1,2";
				VALIDATE_PRODUCT = YES;
			};
			name = Release;
		};
		492EFE5E1EF5A2B500C78291 /* Debug */ = {
			isa = XCBuildConfiguration;
			baseConfigurationReference = CF700429D225643607553A18 /* Pods-prRSS.debug.xcconfig */;
			buildSettings = {
				ASSETCATALOG_COMPILER_APPICON_NAME = AppIcon;
				DEVELOPMENT_TEAM = A9BV75HGP3;
				INFOPLIST_FILE = prRSS/Info.plist;
				LD_RUNPATH_SEARCH_PATHS = "$(inherited) @executable_path/Frameworks";
				PRODUCT_BUNDLE_IDENTIFIER = Movimentium.prRSS;
				PRODUCT_NAME = "$(TARGET_NAME)";
			};
			name = Debug;
		};
		492EFE5F1EF5A2B500C78291 /* Release */ = {
			isa = XCBuildConfiguration;
			baseConfigurationReference = ACF6C716D5ADAD63008FD100 /* Pods-prRSS.release.xcconfig */;
			buildSettings = {
				ASSETCATALOG_COMPILER_APPICON_NAME = AppIcon;
				DEVELOPMENT_TEAM = A9BV75HGP3;
				INFOPLIST_FILE = prRSS/Info.plist;
				LD_RUNPATH_SEARCH_PATHS = "$(inherited) @executable_path/Frameworks";
				PRODUCT_BUNDLE_IDENTIFIER = Movimentium.prRSS;
				PRODUCT_NAME = "$(TARGET_NAME)";
			};
			name = Release;
		};
/* End XCBuildConfiguration section */

/* Begin XCConfigurationList section */
		492EFE411EF5A2B500C78291 /* Build configuration list for PBXProject "prRSS" */ = {
			isa = XCConfigurationList;
			buildConfigurations = (
				492EFE5B1EF5A2B500C78291 /* Debug */,
				492EFE5C1EF5A2B500C78291 /* Release */,
			);
			defaultConfigurationIsVisible = 0;
			defaultConfigurationName = Release;
		};
		492EFE5D1EF5A2B500C78291 /* Build configuration list for PBXNativeTarget "prRSS" */ = {
			isa = XCConfigurationList;
			buildConfigurations = (
				492EFE5E1EF5A2B500C78291 /* Debug */,
				492EFE5F1EF5A2B500C78291 /* Release */,
			);
			defaultConfigurationIsVisible = 0;
			defaultConfigurationName = Release;
		};
/* End XCConfigurationList section */
	};
	rootObject = 492EFE3E1EF5A2B500C78291 /* Project object */;
}
